Microsoft Visual Studio Solution File, Format Version 12.00
# Visual Studio Version 16
VisualStudioVersion = 16.0.29201.188
MinimumVisualStudioVersion = 10.0.40219.1
Project("{9A19103F-16F7-4668-BE54-9A1E7A4F7556}") = "Diagnostics.HealthChecks", "src\Diagnostics.HealthChecks\Diagnostics.HealthChecks.csproj", "{4CE3CA72-2BB6-41F2-B04C-9C7F80F7C32B}"
EndProject
Project("{2150E333-8FDC-42A3-9474-1A3956D46DE8}") = "src", "src", "{6D5F9F3F-EAA0-4BDE-B740-952583251857}"
EndProject
Project("{2150E333-8FDC-42A3-9474-1A3956D46DE8}") = "test", "test", "{DB96614D-B72A-44C8-9658-7852E3F4F796}"
EndProject
Project("{9A19103F-16F7-4668-BE54-9A1E7A4F7556}") = "Diagnostics.HealthChecks.FunctionalTests", "test\FunctionalTests\Diagnostics.HelthChecks\Diagnostics.HealthChecks.FunctionalTests.csproj", "{EF14539A-FD6C-4C77-A1B4-946FCCBFDF4B}"
EndProject
Project("{9A19103F-16F7-4668-BE54-9A1E7A4F7556}") = "HealthChecks.UI.Client", "src\HealthChecks.UI.Client\HealthChecks.UI.Client.csproj", "{DB890024-BF10-48AF-8608-60B02923397A}"
EndProject
Project("{9A19103F-16F7-4668-BE54-9A1E7A4F7556}") = "HealthChecks.UI.Client.FunctionalTests", "test\FunctionalTests\HealthChecks.UI.Client\HealthChecks.UI.Client.FunctionalTests.csproj", "{67B2BB74-47DE-4159-B79D-4823B933C0A9}"
EndProject
Project("{9A19103F-16F7-4668-BE54-9A1E7A4F7556}") = "Common", "test\FunctionalTests\Common\Common.csproj", "{97F6837C-5F8D-4A2F-B888-F9DE560BE9EC}"
EndProject
Project("{2150E333-8FDC-42A3-9474-1A3956D46DE8}") = "FunctionalTests", "FunctionalTests", "{0164458F-DF06-4E02-8850-A5CBF9EDD66B}"
EndProject
Project("{2150E333-8FDC-42A3-9474-1A3956D46DE8}") = "UnitTests", "UnitTests", "{47D35788-D1C0-4076-8543-190A1A7498A5}"
EndProject
Project("{9A19103F-16F7-4668-BE54-9A1E7A4F7556}") = "Diagnostics.HealthChecks.UnitTests", "test\UnitTests\Diagnostics.HelthChecks\Diagnostics.HealthChecks.UnitTests.csproj", "{AA114643-D604-478A-A4AE-DA122ECD902C}"
EndProject
Project("{2150E333-8FDC-42A3-9474-1A3956D46DE8}") = "Solution Items", "Solution Items", "{FC04E9F6-90AC-4486-8BE1-768DD2093045}"
	ProjectSection(SolutionItems) = preProject
		.editorconfig = .editorconfig
		.gitignore = .gitignore
		Directory.Build.props = Directory.Build.props
		LICENSE = LICENSE
		README.md = README.md
	EndProjectSection
EndProject
Global
	GlobalSection(SolutionConfigurationPlatforms) = preSolution
		Debug|Any CPU = Debug|Any CPU
		Release|Any CPU = Release|Any CPU
	EndGlobalSection
	GlobalSection(ProjectConfigurationPlatforms) = postSolution
		{4CE3CA72-2BB6-41F2-B04C-9C7F80F7C32B}.Debug|Any CPU.ActiveCfg = Debug|Any CPU
		{4CE3CA72-2BB6-41F2-B04C-9C7F80F7C32B}.Debug|Any CPU.Build.0 = Debug|Any CPU
		{4CE3CA72-2BB6-41F2-B04C-9C7F80F7C32B}.Release|Any CPU.ActiveCfg = Release|Any CPU
		{4CE3CA72-2BB6-41F2-B04C-9C7F80F7C32B}.Release|Any CPU.Build.0 = Release|Any CPU
		{EF14539A-FD6C-4C77-A1B4-946FCCBFDF4B}.Debug|Any CPU.ActiveCfg = Debug|Any CPU
		{EF14539A-FD6C-4C77-A1B4-946FCCBFDF4B}.Debug|Any CPU.Build.0 = Debug|Any CPU
		{EF14539A-FD6C-4C77-A1B4-946FCCBFDF4B}.Release|Any CPU.ActiveCfg = Release|Any CPU
		{EF14539A-FD6C-4C77-A1B4-946FCCBFDF4B}.Release|Any CPU.Build.0 = Release|Any CPU
		{DB890024-BF10-48AF-8608-60B02923397A}.Debug|Any CPU.ActiveCfg = Debug|Any CPU
		{DB890024-BF10-48AF-8608-60B02923397A}.Debug|Any CPU.Build.0 = Debug|Any CPU
		{DB890024-BF10-48AF-8608-60B02923397A}.Release|Any CPU.ActiveCfg = Release|Any CPU
		{DB890024-BF10-48AF-8608-60B02923397A}.Release|Any CPU.Build.0 = Release|Any CPU
		{67B2BB74-47DE-4159-B79D-4823B933C0A9}.Debug|Any CPU.ActiveCfg = Debug|Any CPU
		{67B2BB74-47DE-4159-B79D-4823B933C0A9}.Debug|Any CPU.Build.0 = Debug|Any CPU
		{67B2BB74-47DE-4159-B79D-4823B933C0A9}.Release|Any CPU.ActiveCfg = Release|Any CPU
		{67B2BB74-47DE-4159-B79D-4823B933C0A9}.Release|Any CPU.Build.0 = Release|Any CPU
		{97F6837C-5F8D-4A2F-B888-F9DE560BE9EC}.Debug|Any CPU.ActiveCfg = Debug|Any CPU
		{97F6837C-5F8D-4A2F-B888-F9DE560BE9EC}.Debug|Any CPU.Build.0 = Debug|Any CPU
		{97F6837C-5F8D-4A2F-B888-F9DE560BE9EC}.Release|Any CPU.ActiveCfg = Release|Any CPU
		{97F6837C-5F8D-4A2F-B888-F9DE560BE9EC}.Release|Any CPU.Build.0 = Release|Any CPU
		{AA114643-D604-478A-A4AE-DA122ECD902C}.Debug|Any CPU.ActiveCfg = Debug|Any CPU
		{AA114643-D604-478A-A4AE-DA122ECD902C}.Debug|Any CPU.Build.0 = Debug|Any CPU
		{AA114643-D604-478A-A4AE-DA122ECD902C}.Release|Any CPU.ActiveCfg = Release|Any CPU
		{AA114643-D604-478A-A4AE-DA122ECD902C}.Release|Any CPU.Build.0 = Release|Any CPU
	EndGlobalSection
	GlobalSection(SolutionProperties) = preSolution
		HideSolutionNode = FALSE
	EndGlobalSection
	GlobalSection(NestedProjects) = preSolution
		{4CE3CA72-2BB6-41F2-B04C-9C7F80F7C32B} = {6D5F9F3F-EAA0-4BDE-B740-952583251857}
		{EF14539A-FD6C-4C77-A1B4-946FCCBFDF4B} = {0164458F-DF06-4E02-8850-A5CBF9EDD66B}
		{DB890024-BF10-48AF-8608-60B02923397A} = {6D5F9F3F-EAA0-4BDE-B740-952583251857}
		{67B2BB74-47DE-4159-B79D-4823B933C0A9} = {0164458F-DF06-4E02-8850-A5CBF9EDD66B}
		{97F6837C-5F8D-4A2F-B888-F9DE560BE9EC} = {0164458F-DF06-4E02-8850-A5CBF9EDD66B}
		{0164458F-DF06-4E02-8850-A5CBF9EDD66B} = {DB96614D-B72A-44C8-9658-7852E3F4F796}
		{47D35788-D1C0-4076-8543-190A1A7498A5} = {DB96614D-B72A-44C8-9658-7852E3F4F796}
		{AA114643-D604-478A-A4AE-DA122ECD902C} = {47D35788-D1C0-4076-8543-190A1A7498A5}
	EndGlobalSection
	GlobalSection(ExtensibilityGlobals) = postSolution
		SolutionGuid = {9A70C1B6-9F90-4607-BCD6-F0E614BDE672}
	EndGlobalSection
EndGlobal
